// !$*UTF8*$!
{
	archiveVersion = 1;
	classes = {
	};
	objectVersion = 50;
	objects = {

/* Begin PBXBuildFile section */
		4B257BA32785F341002B6EEA /* AppDelegate.swift in Sources */ = {isa = PBXBuildFile; fileRef = 4B257BA22785F341002B6EEA /* AppDelegate.swift */; };
		4B257BA52785F341002B6EEA /* SceneDelegate.swift in Sources */ = {isa = PBXBuildFile; fileRef = 4B257BA42785F341002B6EEA /* SceneDelegate.swift */; };
		4B257BAA2785F341002B6EEA /* Main.storyboard in Resources */ = {isa = PBXBuildFile; fileRef = 4B257BA82785F341002B6EEA /* Main.storyboard */; };
		4B257BAC2785F342002B6EEA /* Assets.xcassets in Resources */ = {isa = PBXBuildFile; fileRef = 4B257BAB2785F342002B6EEA /* Assets.xcassets */; };
		4B257BAF2785F342002B6EEA /* LaunchScreen.storyboard in Resources */ = {isa = PBXBuildFile; fileRef = 4B257BAD2785F342002B6EEA /* LaunchScreen.storyboard */; };
		4B257DF62785F3E5002B6EEA /* MoviesCollectionViewCell.swift in Sources */ = {isa = PBXBuildFile; fileRef = 4B257DEF2785F3E5002B6EEA /* MoviesCollectionViewCell.swift */; };
		4B257DF72785F3E5002B6EEA /* MoviesPostersCollectionViewCell.swift in Sources */ = {isa = PBXBuildFile; fileRef = 4B257DF02785F3E5002B6EEA /* MoviesPostersCollectionViewCell.swift */; };
		4B257DF82785F3E5002B6EEA /* FeaturedMoviesViewController.swift in Sources */ = {isa = PBXBuildFile; fileRef = 4B257DF12785F3E5002B6EEA /* FeaturedMoviesViewController.swift */; };
		4B257DF92785F3E5002B6EEA /* ChartsViewController.swift in Sources */ = {isa = PBXBuildFile; fileRef = 4B257DF32785F3E5002B6EEA /* ChartsViewController.swift */; };
		4B257DFA2785F3E5002B6EEA /* ChartsTableViewCell.swift in Sources */ = {isa = PBXBuildFile; fileRef = 4B257DF42785F3E5002B6EEA /* ChartsTableViewCell.swift */; };
		4B257DFB2785F3E5002B6EEA /* ChartsTableViewCell.xib in Resources */ = {isa = PBXBuildFile; fileRef = 4B257DF52785F3E5002B6EEA /* ChartsTableViewCell.xib */; };
		4B257DFE2785F428002B6EEA /* SearchResultsViewController.swift in Sources */ = {isa = PBXBuildFile; fileRef = 4B257DFC2785F428002B6EEA /* SearchResultsViewController.swift */; };
		4B257DFF2785F428002B6EEA /* SegmentViewController.swift in Sources */ = {isa = PBXBuildFile; fileRef = 4B257DFD2785F428002B6EEA /* SegmentViewController.swift */; };
		4B257E012785F44B002B6EEA /* Movie.swift in Sources */ = {isa = PBXBuildFile; fileRef = 4B257E002785F44B002B6EEA /* Movie.swift */; };
/* End PBXBuildFile section */

/* Begin PBXFileReference section */
		4B257B9F2785F341002B6EEA /* movies.app */ = {isa = PBXFileReference; explicitFileType = wrapper.application; includeInIndex = 0; path = movies.app; sourceTree = BUILT_PRODUCTS_DIR; };
		4B257BA22785F341002B6EEA /* AppDelegate.swift */ = {isa = PBXFileReference; lastKnownFileType = sourcecode.swift; path = AppDelegate.swift; sourceTree = "<group>"; };
		4B257BA42785F341002B6EEA /* SceneDelegate.swift */ = {isa = PBXFileReference; lastKnownFileType = sourcecode.swift; path = SceneDelegate.swift; sourceTree = "<group>"; };
		4B257BA92785F341002B6EEA /* Base */ = {isa = PBXFileReference; lastKnownFileType = file.storyboard; name = Base; path = Base.lproj/Main.storyboard; sourceTree = "<group>"; };
		4B257BAB2785F342002B6EEA /* Assets.xcassets */ = {isa = PBXFileReference; lastKnownFileType = folder.assetcatalog; path = Assets.xcassets; sourceTree = "<group>"; };
		4B257BAE2785F342002B6EEA /* Base */ = {isa = PBXFileReference; lastKnownFileType = file.storyboard; name = Base; path = Base.lproj/LaunchScreen.storyboard; sourceTree = "<group>"; };
		4B257BB02785F342002B6EEA /* Info.plist */ = {isa = PBXFileReference; lastKnownFileType = text.plist.xml; path = Info.plist; sourceTree = "<group>"; };
		4B257DEF2785F3E5002B6EEA /* MoviesCollectionViewCell.swift */ = {isa = PBXFileReference; fileEncoding = 4; lastKnownFileType = sourcecode.swift; path = MoviesCollectionViewCell.swift; sourceTree = "<group>"; };
		4B257DF02785F3E5002B6EEA /* MoviesPostersCollectionViewCell.swift */ = {isa = PBXFileReference; fileEncoding = 4; lastKnownFileType = sourcecode.swift; path = MoviesPostersCollectionViewCell.swift; sourceTree = "<group>"; };
		4B257DF12785F3E5002B6EEA /* FeaturedMoviesViewController.swift */ = {isa = PBXFileReference; fileEncoding = 4; lastKnownFileType = sourcecode.swift; path = FeaturedMoviesViewController.swift; sourceTree = "<group>"; };
		4B257DF32785F3E5002B6EEA /* ChartsViewController.swift */ = {isa = PBXFileReference; fileEncoding = 4; lastKnownFileType = sourcecode.swift; path = ChartsViewController.swift; sourceTree = "<group>"; };
		4B257DF42785F3E5002B6EEA /* ChartsTableViewCell.swift */ = {isa = PBXFileReference; fileEncoding = 4; lastKnownFileType = sourcecode.swift; path = ChartsTableViewCell.swift; sourceTree = "<group>"; };
		4B257DF52785F3E5002B6EEA /* ChartsTableViewCell.xib */ = {isa = PBXFileReference; fileEncoding = 4; lastKnownFileType = file.xib; path = ChartsTableViewCell.xib; sourceTree = "<group>"; };
		4B257DFC2785F428002B6EEA /* SearchResultsViewController.swift */ = {isa = PBXFileReference; fileEncoding = 4; lastKnownFileType = sourcecode.swift; path = SearchResultsViewController.swift; sourceTree = "<group>"; };
		4B257DFD2785F428002B6EEA /* SegmentViewController.swift */ = {isa = PBXFileReference; fileEncoding = 4; lastKnownFileType = sourcecode.swift; path = SegmentViewController.swift; sourceTree = "<group>"; };
		4B257E002785F44B002B6EEA /* Movie.swift */ = {isa = PBXFileReference; fileEncoding = 4; lastKnownFileType = sourcecode.swift; path = Movie.swift; sourceTree = "<group>"; };
/* End PBXFileReference section */

/* Begin PBXFrameworksBuildPhase section */
		4B257B9C2785F341002B6EEA /* Frameworks */ = {
			isa = PBXFrameworksBuildPhase;
			buildActionMask = 2147483647;
			files = (
			);
			runOnlyForDeploymentPostprocessing = 0;
		};
/* End PBXFrameworksBuildPhase section */

/* Begin PBXGroup section */
		4B257B962785F341002B6EEA = {
			isa = PBXGroup;
			children = (
				4B257BA12785F341002B6EEA /* movies */,
				4B257BA02785F341002B6EEA /* Products */,
			);
			sourceTree = "<group>";
		};
		4B257BA02785F341002B6EEA /* Products */ = {
			isa = PBXGroup;
			children = (
				4B257B9F2785F341002B6EEA /* movies.app */,
			);
			name = Products;
			sourceTree = "<group>";
		};
		4B257BA12785F341002B6EEA /* movies */ = {
			isa = PBXGroup;
			children = (
				4B257DFC2785F428002B6EEA /* SearchResultsViewController.swift */,
				4B257DFD2785F428002B6EEA /* SegmentViewController.swift */,
				4B257E022785F468002B6EEA /* Model */,
				4B257DF22785F3E5002B6EEA /* ChartsTableView */,
				4B257DEE2785F3E5002B6EEA /* FeaturedMovies */,
				4B257BA22785F341002B6EEA /* AppDelegate.swift */,
				4B257BA42785F341002B6EEA /* SceneDelegate.swift */,
				4B257BA82785F341002B6EEA /* Main.storyboard */,
				4B257BAB2785F342002B6EEA /* Assets.xcassets */,
				4B257BAD2785F342002B6EEA /* LaunchScreen.storyboard */,
				4B257BB02785F342002B6EEA /* Info.plist */,
			);
			path = movies;
			sourceTree = "<group>";
		};
		4B257DEE2785F3E5002B6EEA /* FeaturedMovies */ = {
			isa = PBXGroup;
			children = (
				4B257DEF2785F3E5002B6EEA /* MoviesCollectionViewCell.swift */,
				4B257DF02785F3E5002B6EEA /* MoviesPostersCollectionViewCell.swift */,
				4B257DF12785F3E5002B6EEA /* FeaturedMoviesViewController.swift */,
			);
			path = FeaturedMovies;
			sourceTree = "<group>";
		};
		4B257DF22785F3E5002B6EEA /* ChartsTableView */ = {
			isa = PBXGroup;
			children = (
				4B257DF32785F3E5002B6EEA /* ChartsViewController.swift */,
				4B257DF42785F3E5002B6EEA /* ChartsTableViewCell.swift */,
				4B257DF52785F3E5002B6EEA /* ChartsTableViewCell.xib */,
			);
			path = ChartsTableView;
			sourceTree = "<group>";
		};
		4B257E022785F468002B6EEA /* Model */ = {
			isa = PBXGroup;
			children = (
				4B257E002785F44B002B6EEA /* Movie.swift */,
			);
			path = Model;
			sourceTree = "<group>";
		};
/* End PBXGroup section */

/* Begin PBXNativeTarget section */
		4B257B9E2785F341002B6EEA /* movies */ = {
			isa = PBXNativeTarget;
			buildConfigurationList = 4B257BB32785F342002B6EEA /* Build configuration list for PBXNativeTarget "movies" */;
			buildPhases = (
				4B257B9B2785F341002B6EEA /* Sources */,
				4B257B9C2785F341002B6EEA /* Frameworks */,
				4B257B9D2785F341002B6EEA /* Resources */,
			);
			buildRules = (
			);
			dependencies = (
			);
			name = movies;
			productName = movies;
			productReference = 4B257B9F2785F341002B6EEA /* movies.app */;
			productType = "com.apple.product-type.application";
		};
/* End PBXNativeTarget section */

/* Begin PBXProject section */
		4B257B972785F341002B6EEA /* Project object */ = {
			isa = PBXProject;
			attributes = {
				LastSwiftUpdateCheck = 1250;
				LastUpgradeCheck = 1250;
				TargetAttributes = {
					4B257B9E2785F341002B6EEA = {
						CreatedOnToolsVersion = 12.5.1;
					};
				};
			};
			buildConfigurationList = 4B257B9A2785F341002B6EEA /* Build configuration list for PBXProject "movies" */;
			compatibilityVersion = "Xcode 9.3";
			developmentRegion = en;
			hasScannedForEncodings = 0;
			knownRegions = (
				en,
				Base,
			);
			mainGroup = 4B257B962785F341002B6EEA;
			productRefGroup = 4B257BA02785F341002B6EEA /* Products */;
			projectDirPath = "";
			projectRoot = "";
			targets = (
				4B257B9E2785F341002B6EEA /* movies */,
			);
		};
/* End PBXProject section */

/* Begin PBXResourcesBuildPhase section */
		4B257B9D2785F341002B6EEA /* Resources */ = {
			isa = PBXResourcesBuildPhase;
			buildActionMask = 2147483647;
			files = (
				4B257DFB2785F3E5002B6EEA /* ChartsTableViewCell.xib in Resources */,
				4B257BAF2785F342002B6EEA /* LaunchScreen.storyboard in Resources */,
				4B257BAC2785F342002B6EEA /* Assets.xcassets in Resources */,
				4B257BAA2785F341002B6EEA /* Main.storyboard in Resources */,
			);
			runOnlyForDeploymentPostprocessing = 0;
		};
/* End PBXResourcesBuildPhase section */

/* Begin PBXSourcesBuildPhase section */
		4B257B9B2785F341002B6EEA /* Sources */ = {
			isa = PBXSourcesBuildPhase;
			buildActionMask = 2147483647;
			files = (
				4B257DF92785F3E5002B6EEA /* ChartsViewController.swift in Sources */,
				4B257DFF2785F428002B6EEA /* SegmentViewController.swift in Sources */,
				4B257DFE2785F428002B6EEA /* SearchResultsViewController.swift in Sources */,
				4B257DF72785F3E5002B6EEA /* MoviesPostersCollectionViewCell.swift in Sources */,
				4B257E012785F44B002B6EEA /* Movie.swift in Sources */,
				4B257BA32785F341002B6EEA /* AppDelegate.swift in Sources */,
				4B257DFA2785F3E5002B6EEA /* ChartsTableViewCell.swift in Sources */,
				4B257BA52785F341002B6EEA /* SceneDelegate.swift in Sources */,
				4B257DF62785F3E5002B6EEA /* MoviesCollectionViewCell.swift in Sources */,
				4B257DF82785F3E5002B6EEA /* FeaturedMoviesViewController.swift in Sources */,
			);
			runOnlyForDeploymentPostprocessing = 0;
		};
/* End PBXSourcesBuildPhase section */

/* Begin PBXVariantGroup section */
		4B257BA82785F341002B6EEA /* Main.storyboard */ = {
			isa = PBXVariantGroup;
			children = (
				4B257BA92785F341002B6EEA /* Base */,
			);
			name = Main.storyboard;
			sourceTree = "<group>";
		};
		4B257BAD2785F342002B6EEA /* LaunchScreen.storyboard */ = {
			isa = PBXVariantGroup;
			children = (
				4B257BAE2785F342002B6EEA /* Base */,
			);
			name = LaunchScreen.storyboard;
			sourceTree = "<group>";
		};
/* End PBXVariantGroup section */

/* Begin XCBuildConfiguration section */
		4B257BB12785F342002B6EEA /* Debug */ = {
			isa = XCBuildConfiguration;
			buildSettings = {
				ALWAYS_SEARCH_USER_PATHS = NO;
				CLANG_ANALYZER_NONNULL = YES;
				CLANG_ANALYZER_NUMBER_OBJECT_CONVERSION = YES_AGGRESSIVE;
				CLANG_CXX_LANGUAGE_STANDARD = "gnu++14";
				CLANG_CXX_LIBRARY = "libc++";
				CLANG_ENABLE_MODULES = YES;
				CLANG_ENABLE_OBJC_ARC = YES;
				CLANG_ENABLE_OBJC_WEAK = YES;
				CLANG_WARN_BLOCK_CAPTURE_AUTORELEASING = YES;
				CLANG_WARN_BOOL_CONVERSION = YES;
				CLANG_WARN_COMMA = YES;
				CLANG_WARN_CONSTANT_CONVERSION = YES;
				CLANG_WARN_DEPRECATED_OBJC_IMPLEMENTATIONS = YES;
				CLANG_WARN_DIRECT_OBJC_ISA_USAGE = YES_ERROR;
				CLANG_WARN_DOCUMENTATION_COMMENTS = YES;
				CLANG_WARN_EMPTY_BODY = YES;
				CLANG_WARN_ENUM_CONVERSION = YES;
				CLANG_WARN_INFINITE_RECURSION = YES;
				CLANG_WARN_INT_CONVERSION = YES;
				CLANG_WARN_NON_LITERAL_NULL_CONVERSION = YES;
				CLANG_WARN_OBJC_IMPLICIT_RETAIN_SELF = YES;
				CLANG_WARN_OBJC_LITERAL_CONVERSION = YES;
				CLANG_WARN_OBJC_ROOT_CLASS = YES_ERROR;
				CLANG_WARN_QUOTED_INCLUDE_IN_FRAMEWORK_HEADER = YES;
				CLANG_WARN_RANGE_LOOP_ANALYSIS = YES;
				CLANG_WARN_STRICT_PROTOTYPES = YES;
				CLANG_WARN_SUSPICIOUS_MOVE = YES;
				CLANG_WARN_UNGUARDED_AVAILABILITY = YES_AGGRESSIVE;
				CLANG_WARN_UNREACHABLE_CODE = YES;
				CLANG_WARN__DUPLICATE_METHOD_MATCH = YES;
				COPY_PHASE_STRIP = NO;
				DEBUG_INFORMATION_FORMAT = dwarf;
				ENABLE_STRICT_OBJC_MSGSEND = YES;
				ENABLE_TESTABILITY = YES;
				GCC_C_LANGUAGE_STANDARD = gnu11;
				GCC_DYNAMIC_NO_PIC = NO;
				GCC_NO_COMMON_BLOCKS = YES;
				GCC_OPTIMIZATION_LEVEL = 0;
				GCC_PREPROCESSOR_DEFINITIONS = (
					"DEBUG=1",
					"$(inherited)",
				);
				GCC_WARN_64_TO_32_BIT_CONVERSION = YES;
				GCC_WARN_ABOUT_RETURN_TYPE = YES_ERROR;
				GCC_WARN_UNDECLARED_SELECTOR = YES;
				GCC_WARN_UNINITIALIZED_AUTOS = YES_AGGRESSIVE;
				GCC_WARN_UNUSED_FUNCTION = YES;
				GCC_WARN_UNUSED_VARIABLE = YES;
				IPHONEOS_DEPLOYMENT_TARGET = 14.5;
				MTL_ENABLE_DEBUG_INFO = INCLUDE_SOURCE;
				MTL_FAST_MATH = YES;
				ONLY_ACTIVE_ARCH = YES;
				SDKROOT = iphoneos;
				SWIFT_ACTIVE_COMPILATION_CONDITIONS = DEBUG;
				SWIFT_OPTIMIZATION_LEVEL = "-Onone";
			};
			name = Debug;
		};
		4B257BB22785F342002B6EEA /* Release */ = {
			isa = XCBuildConfiguration;
			buildSettings = {
				ALWAYS_SEARCH_USER_PATHS = NO;
				CLANG_ANALYZER_NONNULL = YES;
				CLANG_ANALYZER_NUMBER_OBJECT_CONVERSION = YES_AGGRESSIVE;
				CLANG_CXX_LANGUAGE_STANDARD = "gnu++14";
				CLANG_CXX_LIBRARY = "libc++";
				CLANG_ENABLE_MODULES = YES;
				CLANG_ENABLE_OBJC_ARC = YES;
				CLANG_ENABLE_OBJC_WEAK = YES;
				CLANG_WARN_BLOCK_CAPTURE_AUTORELEASING = YES;
				CLANG_WARN_BOOL_CONVERSION = YES;
				CLANG_WARN_COMMA = YES;
				CLANG_WARN_CONSTANT_CONVERSION = YES;
				CLANG_WARN_DEPRECATED_OBJC_IMPLEMENTATIONS = YES;
				CLANG_WARN_DIRECT_OBJC_ISA_USAGE = YES_ERROR;
				CLANG_WARN_DOCUMENTATION_COMMENTS = YES;
				CLANG_WARN_EMPTY_BODY = YES;
				CLANG_WARN_ENUM_CONVERSION = YES;
				CLANG_WARN_INFINITE_RECURSION = YES;
				CLANG_WARN_INT_CONVERSION = YES;
				CLANG_WARN_NON_LITERAL_NULL_CONVERSION = YES;
				CLANG_WARN_OBJC_IMPLICIT_RETAIN_SELF = YES;
				CLANG_WARN_OBJC_LITERAL_CONVERSION = YES;
				CLANG_WARN_OBJC_ROOT_CLASS = YES_ERROR;
				CLANG_WARN_QUOTED_INCLUDE_IN_FRAMEWORK_HEADER = YES;
				CLANG_WARN_RANGE_LOOP_ANALYSIS = YES;
				CLANG_WARN_STRICT_PROTOTYPES = YES;
				CLANG_WARN_SUSPICIOUS_MOVE = YES;
				CLANG_WARN_UNGUARDED_AVAILABILITY = YES_AGGRESSIVE;
				CLANG_WARN_UNREACHABLE_CODE = YES;
				CLANG_WARN__DUPLICATE_METHOD_MATCH = YES;
				COPY_PHASE_STRIP = NO;
				DEBUG_INFORMATION_FORMAT = "dwarf-with-dsym";
				ENABLE_NS_ASSERTIONS = NO;
				ENABLE_STRICT_OBJC_MSGSEND = YES;
				GCC_C_LANGUAGE_STANDARD = gnu11;
				GCC_NO_COMMON_BLOCKS = YES;
				GCC_WARN_64_TO_32_BIT_CONVERSION = YES;
				GCC_WARN_ABOUT_RETURN_TYPE = YES_ERROR;
				GCC_WARN_UNDECLARED_SELECTOR = YES;
				GCC_WARN_UNINITIALIZED_AUTOS = YES_AGGRESSIVE;
				GCC_WARN_UNUSED_FUNCTION = YES;
				GCC_WARN_UNUSED_VARIABLE = YES;
				IPHONEOS_DEPLOYMENT_TARGET = 14.5;
				MTL_ENABLE_DEBUG_INFO = NO;
				MTL_FAST_MATH = YES;
				SDKROOT = iphoneos;
				SWIFT_COMPILATION_MODE = wholemodule;
				SWIFT_OPTIMIZATION_LEVEL = "-O";
				VALIDATE_PRODUCT = YES;
			};
			name = Release;
		};
		4B257BB42785F342002B6EEA /* Debug */ = {
			isa = XCBuildConfiguration;
			buildSettings = {
				ASSETCATALOG_COMPILER_APPICON_NAME = AppIcon;
				ASSETCATALOG_COMPILER_GLOBAL_ACCENT_COLOR_NAME = AccentColor;
				CODE_SIGN_STYLE = Automatic;
				DEVELOPMENT_TEAM = 57Y8KDNB9P;
				INFOPLIST_FILE = movies/Info.plist;
				LD_RUNPATH_SEARCH_PATHS = (
					"$(inherited)",
					"@executable_path/Frameworks",
				);
				PRODUCT_BUNDLE_IDENTIFIER = evgenii.levchenko.movies;
				PRODUCT_NAME = "$(TARGET_NAME)";
				SWIFT_VERSION = 5.0;
				TARGETED_DEVICE_FAMILY = "1,2";
			};
			name = Debug;
		};
		4B257BB52785F342002B6EEA /* Release */ = {
			isa = XCBuildConfiguration;
			buildSettings = {
				ASSETCATALOG_COMPILER_APPICON_NAME = AppIcon;
				ASSETCATALOG_COMPILER_GLOBAL_ACCENT_COLOR_NAME = AccentColor;
				CODE_SIGN_STYLE = Automatic;
				DEVELOPMENT_TEAM = 57Y8KDNB9P;
				INFOPLIST_FILE = movies/Info.plist;
				LD_RUNPATH_SEARCH_PATHS = (
					"$(inherited)",
					"@executable_path/Frameworks",
				);
				PRODUCT_BUNDLE_IDENTIFIER = evgenii.levchenko.movies;
				PRODUCT_NAME = "$(TARGET_NAME)";
				SWIFT_VERSION = 5.0;
				TARGETED_DEVICE_FAMILY = "1,2";
			};
			name = Release;
		};
/* End XCBuildConfiguration section */

/* Begin XCConfigurationList section */
		4B257B9A2785F341002B6EEA /* Build configuration list for PBXProject "movies" */ = {
			isa = XCConfigurationList;
			buildConfigurations = (
				4B257BB12785F342002B6EEA /* Debug */,
				4B257BB22785F342002B6EEA /* Release */,
			);
			defaultConfigurationIsVisible = 0;
			defaultConfigurationName = Release;
		};
		4B257BB32785F342002B6EEA /* Build configuration list for PBXNativeTarget "movies" */ = {
			isa = XCConfigurationList;
			buildConfigurations = (
				4B257BB42785F342002B6EEA /* Debug */,
				4B257BB52785F342002B6EEA /* Release */,
			);
			defaultConfigurationIsVisible = 0;
			defaultConfigurationName = Release;
		};
/* End XCConfigurationList section */
	};
	rootObject = 4B257B972785F341002B6EEA /* Project object */;
}
